<?xml version="1.0" encoding="utf-8"?>
<Project ToolsVersion="4.0" xmlns="http://schemas.microsoft.com/developer/msbuild/2003">
  <ItemGroup>
    <Filter Include="소스 파일">
      <UniqueIdentifier>{4FC737F1-C7A5-4376-A066-2A32D752A2FF}</UniqueIdentifier>
      <Extensions>cpp;c;cc;cxx;c++;cppm;ixx;def;odl;idl;hpj;bat;asm;asmx</Extensions>
    </Filter>
    <Filter Include="헤더 파일">
      <UniqueIdentifier>{93995380-89BD-4b04-88EB-625FBE52EBFB}</UniqueIdentifier>
      <Extensions>h;hh;hpp;hxx;h++;hm;inl;inc;ipp;xsd</Extensions>
    </Filter>
    <Filter Include="리소스 파일">
      <UniqueIdentifier>{67DA6AB6-F800-4c08-8B7A-83BB121AAD01}</UniqueIdentifier>
      <Extensions>rc;ico;cur;bmp;dlg;rc2;rct;bin;rgs;gif;jpg;jpeg;jpe;resx;tiff;tif;png;wav;mfcribbon-ms</Extensions>
    </Filter>
    <Filter Include="Common">
      <UniqueIdentifier>{fc567266-59ae-46d8-b260-f0d39d5ee642}</UniqueIdentifier>
    </Filter>
    <Filter Include="Common\CVtListCtrlEx">
      <UniqueIdentifier>{b54ee8a6-ac54-45a1-81d8-9b0daa23c71c}</UniqueIdentifier>
    </Filter>
  </ItemGroup>
  <ItemGroup>
    <ClInclude Include="Test_ThreadPool.h">
      <Filter>헤더 파일</Filter>
    </ClInclude>
    <ClInclude Include="Test_ThreadPoolDlg.h">
      <Filter>헤더 파일</Filter>
    </ClInclude>
    <ClInclude Include="framework.h">
      <Filter>헤더 파일</Filter>
    </ClInclude>
    <ClInclude Include="targetver.h">
      <Filter>헤더 파일</Filter>
    </ClInclude>
    <ClInclude Include="Resource.h">
      <Filter>헤더 파일</Filter>
    </ClInclude>
    <ClInclude Include="pch.h">
      <Filter>헤더 파일</Filter>
    </ClInclude>
    <ClInclude Include="ThreadPool.h">
      <Filter>헤더 파일</Filter>
    </ClInclude>
    <ClInclude Include="..\..\Common\CListCtrl\CVtListCtrlEx\list_data.h">
      <Filter>Common\CVtListCtrlEx</Filter>
    </ClInclude>
    <ClInclude Include="..\..\Common\CListCtrl\CVtListCtrlEx\VtListCtrlEx.h">
      <Filter>Common\CVtListCtrlEx</Filter>
    </ClInclude>
    <ClInclude Include="..\..\Common\CListCtrl\CVtListCtrlEx\EditCell.h">
      <Filter>Common\CVtListCtrlEx</Filter>
    </ClInclude>
    <ClInclude Include="..\..\Common\CListCtrl\CVtListCtrlEx\HeaderCtrlEx.h">
      <Filter>Common\CVtListCtrlEx</Filter>
    </ClInclude>
    <ClInclude Include="..\..\Common\system\ShellImageList\ShellImageList.h">
      <Filter>Common\CVtListCtrlEx</Filter>
    </ClInclude>
    <ClInclude Include="..\..\Common\Functions.h">
      <Filter>Common</Filter>
    </ClInclude>
    <ClInclude Include="..\..\Common\colors.h">
      <Filter>Common</Filter>
    </ClInclude>
    <ClInclude Include="..\..\Common\GdiPlusBitmap.h">
      <Filter>Common</Filter>
    </ClInclude>
  </ItemGroup>
  <ItemGroup>
    <ClCompile Include="Test_ThreadPool.cpp">
      <Filter>소스 파일</Filter>
    </ClCompile>
    <ClCompile Include="Test_ThreadPoolDlg.cpp">
      <Filter>소스 파일</Filter>
    </ClCompile>
    <ClCompile Include="pch.cpp">
      <Filter>소스 파일</Filter>
    </ClCompile>
    <ClCompile Include="ThreadPool.cpp">
      <Filter>소스 파일</Filter>
    </ClCompile>
    <ClCompile Include="..\..\Common\CListCtrl\CVtListCtrlEx\VtListCtrlEx.cpp">
      <Filter>Common\CVtListCtrlEx</Filter>
    </ClCompile>
    <ClCompile Include="..\..\Common\CListCtrl\CVtListCtrlEx\EditCell.cpp">
      <Filter>Common\CVtListCtrlEx</Filter>
    </ClCompile>
    <ClCompile Include="..\..\Common\CListCtrl\CVtListCtrlEx\HeaderCtrlEx.cpp">
      <Filter>Common\CVtListCtrlEx</Filter>
    </ClCompile>
    <ClCompile Include="..\..\Common\CListCtrl\CVtListCtrlEx\list_data.cpp">
      <Filter>Common\CVtListCtrlEx</Filter>
    </ClCompile>
    <ClCompile Include="..\..\Common\system\ShellImageList\ShellImageList.cpp">
      <Filter>Common\CVtListCtrlEx</Filter>
    </ClCompile>
    <ClCompile Include="..\..\Common\Functions.cpp">
      <Filter>Common</Filter>
    </ClCompile>
    <ClCompile Include="..\..\Common\colors.cpp">
      <Filter>Common</Filter>
    </ClCompile>
    <ClCompile Include="..\..\Common\GdiPlusBitmap.cpp">
      <Filter>Common</Filter>
    </ClCompile>
  </ItemGroup>
  <ItemGroup>
    <ResourceCompile Include="TestThreadPool.rc">
      <Filter>리소스 파일</Filter>
    </ResourceCompile>
  </ItemGroup>
  <ItemGroup>
    <None Include="res\TestThreadPool.rc2">
      <Filter>리소스 파일</Filter>
    </None>
  </ItemGroup>
  <ItemGroup>
    <Image Include="res\Test_ThreadPool.ico">
      <Filter>리소스 파일</Filter>
    </Image>
  </ItemGroup>
</Project>